
Microsoft Visual Studio Solution File, Format Version 12.00
# Visual Studio 15
VisualStudioVersion = 15.0.28307.438
MinimumVisualStudioVersion = 10.0.40219.1
Project("{FAE04EC0-301F-11D3-BF4B-00C04F79EFBC}") = "Halado_unit_teszteles_feladat", "Halado_unit_teszteles_feladat\Halado_unit_teszteles_feladat.csproj", "{CCD87BDA-3863-49B9-9C6C-6B457EE93D12}"
EndProject
Project("{FAE04EC0-301F-11D3-BF4B-00C04F79EFBC}") = "Gentleman_test", "Gentleman_test\Gentleman_test.csproj", "{0F33F8CB-34C8-45D7-B561-C645C43AB313}"
EndProject
Global
	GlobalSection(SolutionConfigurationPlatforms) = preSolution
		Debug|Any CPU = Debug|Any CPU
		Release|Any CPU = Release|Any CPU
	EndGlobalSection
	GlobalSection(ProjectConfigurationPlatforms) = postSolution
		{CCD87BDA-3863-49B9-9C6C-6B457EE93D12}.Debug|Any CPU.ActiveCfg = Debug|Any CPU
		{CCD87BDA-3863-49B9-9C6C-6B457EE93D12}.Debug|Any CPU.Build.0 = Debug|Any CPU
		{CCD87BDA-3863-49B9-9C6C-6B457EE93D12}.Release|Any CPU.ActiveCfg = Release|Any CPU
		{CCD87BDA-3863-49B9-9C6C-6B457EE93D12}.Release|Any CPU.Build.0 = Release|Any CPU
		{0F33F8CB-34C8-45D7-B561-C645C43AB313}.Debug|Any CPU.ActiveCfg = Debug|Any CPU
		{0F33F8CB-34C8-45D7-B561-C645C43AB313}.Debug|Any CPU.Build.0 = Debug|Any CPU
		{0F33F8CB-34C8-45D7-B561-C645C43AB313}.Release|Any CPU.ActiveCfg = Release|Any CPU
		{0F33F8CB-34C8-45D7-B561-C645C43AB313}.Release|Any CPU.Build.0 = Release|Any CPU
	EndGlobalSection
	GlobalSection(SolutionProperties) = preSolution
		HideSolutionNode = FALSE
	EndGlobalSection
	GlobalSection(ExtensibilityGlobals) = postSolution
		SolutionGuid = {62051402-93EB-4DF4-9F24-7EA390B95829}
	EndGlobalSection
EndGlobal
