
Microsoft Visual Studio Solution File, Format Version 12.00
# Visual Studio 15
VisualStudioVersion = 15.0.28307.438
MinimumVisualStudioVersion = 10.0.40219.1
Project("{FAE04EC0-301F-11D3-BF4B-00C04F79EFBC}") = "probalkozas", "probalkozas\probalkozas.csproj", "{96FA2D18-166D-4C72-84DD-F7A5FBD4E52F}"
EndProject
Project("{FAE04EC0-301F-11D3-BF4B-00C04F79EFBC}") = "kutyak", "kutyak\kutyak.csproj", "{D71992CF-DF25-4CFD-999E-48A60491045E}"
EndProject
Global
	GlobalSection(SolutionConfigurationPlatforms) = preSolution
		Debug|Any CPU = Debug|Any CPU
		Release|Any CPU = Release|Any CPU
	EndGlobalSection
	GlobalSection(ProjectConfigurationPlatforms) = postSolution
		{96FA2D18-166D-4C72-84DD-F7A5FBD4E52F}.Debug|Any CPU.ActiveCfg = Debug|Any CPU
		{96FA2D18-166D-4C72-84DD-F7A5FBD4E52F}.Debug|Any CPU.Build.0 = Debug|Any CPU
		{96FA2D18-166D-4C72-84DD-F7A5FBD4E52F}.Release|Any CPU.ActiveCfg = Release|Any CPU
		{96FA2D18-166D-4C72-84DD-F7A5FBD4E52F}.Release|Any CPU.Build.0 = Release|Any CPU
		{D71992CF-DF25-4CFD-999E-48A60491045E}.Debug|Any CPU.ActiveCfg = Debug|Any CPU
		{D71992CF-DF25-4CFD-999E-48A60491045E}.Debug|Any CPU.Build.0 = Debug|Any CPU
		{D71992CF-DF25-4CFD-999E-48A60491045E}.Release|Any CPU.ActiveCfg = Release|Any CPU
		{D71992CF-DF25-4CFD-999E-48A60491045E}.Release|Any CPU.Build.0 = Release|Any CPU
	EndGlobalSection
	GlobalSection(SolutionProperties) = preSolution
		HideSolutionNode = FALSE
	EndGlobalSection
	GlobalSection(ExtensibilityGlobals) = postSolution
		SolutionGuid = {E997B61D-5270-43A9-969C-6E669E887943}
	EndGlobalSection
EndGlobal
