
Microsoft Visual Studio Solution File, Format Version 12.00
# Visual Studio 15
VisualStudioVersion = 15.0.28307.438
MinimumVisualStudioVersion = 10.0.40219.1
Project("{FAE04EC0-301F-11D3-BF4B-00C04F79EFBC}") = "kivetelkezeles_feladat", "kivetelkezeles_feladat\kivetelkezeles_feladat.csproj", "{2886383F-6BF8-4118-948E-1B2C4569FB39}"
EndProject
Global
	GlobalSection(SolutionConfigurationPlatforms) = preSolution
		Debug|Any CPU = Debug|Any CPU
		Release|Any CPU = Release|Any CPU
	EndGlobalSection
	GlobalSection(ProjectConfigurationPlatforms) = postSolution
		{2886383F-6BF8-4118-948E-1B2C4569FB39}.Debug|Any CPU.ActiveCfg = Debug|Any CPU
		{2886383F-6BF8-4118-948E-1B2C4569FB39}.Debug|Any CPU.Build.0 = Debug|Any CPU
		{2886383F-6BF8-4118-948E-1B2C4569FB39}.Release|Any CPU.ActiveCfg = Release|Any CPU
		{2886383F-6BF8-4118-948E-1B2C4569FB39}.Release|Any CPU.Build.0 = Release|Any CPU
	EndGlobalSection
	GlobalSection(SolutionProperties) = preSolution
		HideSolutionNode = FALSE
	EndGlobalSection
	GlobalSection(ExtensibilityGlobals) = postSolution
		SolutionGuid = {310FF9BD-DA06-47A6-A72F-9064F9B4B2AE}
	EndGlobalSection
EndGlobal
